
Microsoft Visual Studio Solution File, Format Version 12.00
# Visual Studio Version 16
VisualStudioVersion = 16.0.30804.86
MinimumVisualStudioVersion = 10.0.40219.1
Project("{FAE04EC0-301F-11D3-BF4B-00C04F79EFBC}") = "University", "test2\University.csproj", "{E42D8780-CE2C-4681-8C91-EA9FF7A00442}"
EndProject
Global
	GlobalSection(SolutionConfigurationPlatforms) = preSolution
		Debug|Any CPU = Debug|Any CPU
		Release|Any CPU = Release|Any CPU
	EndGlobalSection
	GlobalSection(ProjectConfigurationPlatforms) = postSolution
		{E42D8780-CE2C-4681-8C91-EA9FF7A00442}.Debug|Any CPU.ActiveCfg = Debug|Any CPU
		{E42D8780-CE2C-4681-8C91-EA9FF7A00442}.Debug|Any CPU.Build.0 = Debug|Any CPU
		{E42D8780-CE2C-4681-8C91-EA9FF7A00442}.Release|Any CPU.ActiveCfg = Release|Any CPU
		{E42D8780-CE2C-4681-8C91-EA9FF7A00442}.Release|Any CPU.Build.0 = Release|Any CPU
	EndGlobalSection
	GlobalSection(SolutionProperties) = preSolution
		HideSolutionNode = FALSE
	EndGlobalSection
	GlobalSection(ExtensibilityGlobals) = postSolution
		SolutionGuid = {88E6D9DC-B76D-4233-8ED9-6C7AA1C1DFAA}
	EndGlobalSection
EndGlobal
